
Microsoft Visual Studio Solution File, Format Version 12.00
# Visual Studio Version 16
VisualStudioVersion = 16.0.30517.126
MinimumVisualStudioVersion = 15.0.26124.0
Project("{2150E333-8FDC-42A3-9474-1A3956D46DE8}") = "ising", "ising", "{0568C837-64C5-4BD2-BC9C-88CA55CAE8BE}"
EndProject
Project("{9A19103F-16F7-4668-BE54-9A1E7A4F7556}") = "AdiabaticIsingSample", "ising\adiabatic\AdiabaticIsingSample.csproj", "{C157748A-6635-4589-BA0C-ECA435213C04}"
EndProject
Global
	GlobalSection(SolutionConfigurationPlatforms) = preSolution
		Debug|Any CPU = Debug|Any CPU
		Debug|x64 = Debug|x64
		Debug|x86 = Debug|x86
		Release|Any CPU = Release|Any CPU
		Release|x64 = Release|x64
		Release|x86 = Release|x86
	EndGlobalSection
	GlobalSection(ProjectConfigurationPlatforms) = postSolution
		{C157748A-6635-4589-BA0C-ECA435213C04}.Debug|Any CPU.ActiveCfg = Debug|Any CPU
		{C157748A-6635-4589-BA0C-ECA435213C04}.Debug|Any CPU.Build.0 = Debug|Any CPU
		{C157748A-6635-4589-BA0C-ECA435213C04}.Debug|x64.ActiveCfg = Debug|Any CPU
		{C157748A-6635-4589-BA0C-ECA435213C04}.Debug|x64.Build.0 = Debug|Any CPU
		{C157748A-6635-4589-BA0C-ECA435213C04}.Debug|x86.ActiveCfg = Debug|Any CPU
		{C157748A-6635-4589-BA0C-ECA435213C04}.Debug|x86.Build.0 = Debug|Any CPU
		{C157748A-6635-4589-BA0C-ECA435213C04}.Release|Any CPU.ActiveCfg = Release|Any CPU
		{C157748A-6635-4589-BA0C-ECA435213C04}.Release|Any CPU.Build.0 = Release|Any CPU
		{C157748A-6635-4589-BA0C-ECA435213C04}.Release|x64.ActiveCfg = Release|Any CPU
		{C157748A-6635-4589-BA0C-ECA435213C04}.Release|x64.Build.0 = Release|Any CPU
		{C157748A-6635-4589-BA0C-ECA435213C04}.Release|x86.ActiveCfg = Release|Any CPU
		{C157748A-6635-4589-BA0C-ECA435213C04}.Release|x86.Build.0 = Release|Any CPU
	EndGlobalSection
	GlobalSection(SolutionProperties) = preSolution
		HideSolutionNode = FALSE
	EndGlobalSection
	GlobalSection(NestedProjects) = preSolution
		{C157748A-6635-4589-BA0C-ECA435213C04} = {0568C837-64C5-4BD2-BC9C-88CA55CAE8BE}
	EndGlobalSection
	GlobalSection(ExtensibilityGlobals) = postSolution
		SolutionGuid = {77565E29-EE50-414A-B690-825A85B1E622}
	EndGlobalSection
EndGlobal
